
Microsoft Visual Studio Solution File, Format Version 12.00
# Visual Studio Version 17
VisualStudioVersion = 17.3.32825.248
MinimumVisualStudioVersion = 10.0.40219.1
Project("{FAE04EC0-301F-11D3-BF4B-00C04F79EFBC}") = "oop-task-1-console", "oop-task-1-console\oop-task-1-console.csproj", "{EC6096FE-E112-4C93-8FD0-457DC3EDBCA1}"
EndProject
Project("{FAE04EC0-301F-11D3-BF4B-00C04F79EFBC}") = "oop-task-2-console", "oop-task-2-console\oop-task-2-console.csproj", "{7E5A0CCB-D520-4565-B441-63A6BF899AFD}"
EndProject
Global
	GlobalSection(SolutionConfigurationPlatforms) = preSolution
		Debug|Any CPU = Debug|Any CPU
		Release|Any CPU = Release|Any CPU
	EndGlobalSection
	GlobalSection(ProjectConfigurationPlatforms) = postSolution
		{EC6096FE-E112-4C93-8FD0-457DC3EDBCA1}.Debug|Any CPU.ActiveCfg = Debug|Any CPU
		{EC6096FE-E112-4C93-8FD0-457DC3EDBCA1}.Debug|Any CPU.Build.0 = Debug|Any CPU
		{EC6096FE-E112-4C93-8FD0-457DC3EDBCA1}.Release|Any CPU.ActiveCfg = Release|Any CPU
		{EC6096FE-E112-4C93-8FD0-457DC3EDBCA1}.Release|Any CPU.Build.0 = Release|Any CPU
		{7E5A0CCB-D520-4565-B441-63A6BF899AFD}.Debug|Any CPU.ActiveCfg = Debug|Any CPU
		{7E5A0CCB-D520-4565-B441-63A6BF899AFD}.Debug|Any CPU.Build.0 = Debug|Any CPU
		{7E5A0CCB-D520-4565-B441-63A6BF899AFD}.Release|Any CPU.ActiveCfg = Release|Any CPU
		{7E5A0CCB-D520-4565-B441-63A6BF899AFD}.Release|Any CPU.Build.0 = Release|Any CPU
	EndGlobalSection
	GlobalSection(SolutionProperties) = preSolution
		HideSolutionNode = FALSE
	EndGlobalSection
	GlobalSection(ExtensibilityGlobals) = postSolution
		SolutionGuid = {D8F8C557-BACD-4D07-85F2-E66CB618BF73}
	EndGlobalSection
EndGlobal
